// !$*UTF8*$!
{
	archiveVersion = 1;
	classes = {
	};
	objectVersion = 50;
	objects = {

/* Begin PBXBuildFile section */
		15D570B221FA2429002F8633 /* AppDelegate.m in Sources */ = {isa = PBXBuildFile; fileRef = 15D570B121FA2429002F8633 /* AppDelegate.m */; };
		15D570B521FA2429002F8633 /* ViewController.m in Sources */ = {isa = PBXBuildFile; fileRef = 15D570B421FA2429002F8633 /* ViewController.m */; };
		15D570B821FA2429002F8633 /* Main.storyboard in Resources */ = {isa = PBXBuildFile; fileRef = 15D570B621FA2429002F8633 /* Main.storyboard */; };
		15D570BA21FA242B002F8633 /* Assets.xcassets in Resources */ = {isa = PBXBuildFile; fileRef = 15D570B921FA242B002F8633 /* Assets.xcassets */; };
		15D570BD21FA242B002F8633 /* LaunchScreen.storyboard in Resources */ = {isa = PBXBuildFile; fileRef = 15D570BB21FA242B002F8633 /* LaunchScreen.storyboard */; };
		15D570C021FA242B002F8633 /* main.m in Sources */ = {isa = PBXBuildFile; fileRef = 15D570BF21FA242B002F8633 /* main.m */; };
/* End PBXBuildFile section */

/* Begin PBXFileReference section */
		15D570AD21FA2429002F8633 /* iPhone Images W3D5.app */ = {isa = PBXFileReference; explicitFileType = wrapper.application; includeInIndex = 0; path = "iPhone Images W3D5.app"; sourceTree = BUILT_PRODUCTS_DIR; };
		15D570B021FA2429002F8633 /* AppDelegate.h */ = {isa = PBXFileReference; lastKnownFileType = sourcecode.c.h; path = AppDelegate.h; sourceTree = "<group>"; };
		15D570B121FA2429002F8633 /* AppDelegate.m */ = {isa = PBXFileReference; lastKnownFileType = sourcecode.c.objc; path = AppDelegate.m; sourceTree = "<group>"; };
		15D570B321FA2429002F8633 /* ViewController.h */ = {isa = PBXFileReference; lastKnownFileType = sourcecode.c.h; path = ViewController.h; sourceTree = "<group>"; };
		15D570B421FA2429002F8633 /* ViewController.m */ = {isa = PBXFileReference; lastKnownFileType = sourcecode.c.objc; path = ViewController.m; sourceTree = "<group>"; };
		15D570B721FA2429002F8633 /* Base */ = {isa = PBXFileReference; lastKnownFileType = file.storyboard; name = Base; path = Base.lproj/Main.storyboard; sourceTree = "<group>"; };
		15D570B921FA242B002F8633 /* Assets.xcassets */ = {isa = PBXFileReference; lastKnownFileType = folder.assetcatalog; path = Assets.xcassets; sourceTree = "<group>"; };
		15D570BC21FA242B002F8633 /* Base */ = {isa = PBXFileReference; lastKnownFileType = file.storyboard; name = Base; path = Base.lproj/LaunchScreen.storyboard; sourceTree = "<group>"; };
		15D570BE21FA242B002F8633 /* Info.plist */ = {isa = PBXFileReference; lastKnownFileType = text.plist.xml; path = Info.plist; sourceTree = "<group>"; };
		15D570BF21FA242B002F8633 /* main.m */ = {isa = PBXFileReference; lastKnownFileType = sourcecode.c.objc; path = main.m; sourceTree = "<group>"; };
/* End PBXFileReference section */

/* Begin PBXFrameworksBuildPhase section */
		15D570AA21FA2429002F8633 /* Frameworks */ = {
			isa = PBXFrameworksBuildPhase;
			buildActionMask = 2147483647;
			files = (
			);
			runOnlyForDeploymentPostprocessing = 0;
		};
/* End PBXFrameworksBuildPhase section */

/* Begin PBXGroup section */
		15D570A421FA2429002F8633 = {
			isa = PBXGroup;
			children = (
				15D570AF21FA2429002F8633 /* iPhone Images W3D5 */,
				15D570AE21FA2429002F8633 /* Products */,
			);
			sourceTree = "<group>";
		};
		15D570AE21FA2429002F8633 /* Products */ = {
			isa = PBXGroup;
			children = (
				15D570AD21FA2429002F8633 /* iPhone Images W3D5.app */,
			);
			name = Products;
			sourceTree = "<group>";
		};
		15D570AF21FA2429002F8633 /* iPhone Images W3D5 */ = {
			isa = PBXGroup;
			children = (
				15D570B021FA2429002F8633 /* AppDelegate.h */,
				15D570B121FA2429002F8633 /* AppDelegate.m */,
				15D570B321FA2429002F8633 /* ViewController.h */,
				15D570B421FA2429002F8633 /* ViewController.m */,
				15D570B621FA2429002F8633 /* Main.storyboard */,
				15D570B921FA242B002F8633 /* Assets.xcassets */,
				15D570BB21FA242B002F8633 /* LaunchScreen.storyboard */,
				15D570BE21FA242B002F8633 /* Info.plist */,
				15D570BF21FA242B002F8633 /* main.m */,
			);
			path = "iPhone Images W3D5";
			sourceTree = "<group>";
		};
/* End PBXGroup section */

/* Begin PBXNativeTarget section */
		15D570AC21FA2429002F8633 /* iPhone Images W3D5 */ = {
			isa = PBXNativeTarget;
			buildConfigurationList = 15D570C321FA242B002F8633 /* Build configuration list for PBXNativeTarget "iPhone Images W3D5" */;
			buildPhases = (
				15D570A921FA2429002F8633 /* Sources */,
				15D570AA21FA2429002F8633 /* Frameworks */,
				15D570AB21FA2429002F8633 /* Resources */,
			);
			buildRules = (
			);
			dependencies = (
			);
			name = "iPhone Images W3D5";
			productName = "iPhone Images W3D5";
			productReference = 15D570AD21FA2429002F8633 /* iPhone Images W3D5.app */;
			productType = "com.apple.product-type.application";
		};
/* End PBXNativeTarget section */

/* Begin PBXProject section */
		15D570A521FA2429002F8633 /* Project object */ = {
			isa = PBXProject;
			attributes = {
				LastUpgradeCheck = 1000;
				ORGANIZATIONNAME = "Kamal Maged";
				TargetAttributes = {
					15D570AC21FA2429002F8633 = {
						CreatedOnToolsVersion = 10.0;
					};
				};
			};
			buildConfigurationList = 15D570A821FA2429002F8633 /* Build configuration list for PBXProject "iPhone Images W3D5" */;
			compatibilityVersion = "Xcode 9.3";
			developmentRegion = en;
			hasScannedForEncodings = 0;
			knownRegions = (
				en,
				Base,
			);
			mainGroup = 15D570A421FA2429002F8633;
			productRefGroup = 15D570AE21FA2429002F8633 /* Products */;
			projectDirPath = "";
			projectRoot = "";
			targets = (
				15D570AC21FA2429002F8633 /* iPhone Images W3D5 */,
			);
		};
/* End PBXProject section */

/* Begin PBXResourcesBuildPhase section */
		15D570AB21FA2429002F8633 /* Resources */ = {
			isa = PBXResourcesBuildPhase;
			buildActionMask = 2147483647;
			files = (
				15D570BD21FA242B002F8633 /* LaunchScreen.storyboard in Resources */,
				15D570BA21FA242B002F8633 /* Assets.xcassets in Resources */,
				15D570B821FA2429002F8633 /* Main.storyboard in Resources */,
			);
			runOnlyForDeploymentPostprocessing = 0;
		};
/* End PBXResourcesBuildPhase section */

/* Begin PBXSourcesBuildPhase section */
		15D570A921FA2429002F8633 /* Sources */ = {
			isa = PBXSourcesBuildPhase;
			buildActionMask = 2147483647;
			files = (
				15D570B521FA2429002F8633 /* ViewController.m in Sources */,
				15D570C021FA242B002F8633 /* main.m in Sources */,
				15D570B221FA2429002F8633 /* AppDelegate.m in Sources */,
			);
			runOnlyForDeploymentPostprocessing = 0;
		};
/* End PBXSourcesBuildPhase section */

/* Begin PBXVariantGroup section */
		15D570B621FA2429002F8633 /* Main.storyboard */ = {
			isa = PBXVariantGroup;
			children = (
				15D570B721FA2429002F8633 /* Base */,
			);
			name = Main.storyboard;
			sourceTree = "<group>";
		};
		15D570BB21FA242B002F8633 /* LaunchScreen.storyboard */ = {
			isa = PBXVariantGroup;
			children = (
				15D570BC21FA242B002F8633 /* Base */,
			);
			name = LaunchScreen.storyboard;
			sourceTree = "<group>";
		};
/* End PBXVariantGroup section */

/* Begin XCBuildConfiguration section */
		15D570C121FA242B002F8633 /* Debug */ = {
			isa = XCBuildConfiguration;
			buildSettings = {
				ALWAYS_SEARCH_USER_PATHS = NO;
				CLANG_ANALYZER_NONNULL = YES;
				CLANG_ANALYZER_NUMBER_OBJECT_CONVERSION = YES_AGGRESSIVE;
				CLANG_CXX_LANGUAGE_STANDARD = "gnu++14";
				CLANG_CXX_LIBRARY = "libc++";
				CLANG_ENABLE_MODULES = YES;
				CLANG_ENABLE_OBJC_ARC = YES;
				CLANG_ENABLE_OBJC_WEAK = YES;
				CLANG_WARN_BLOCK_CAPTURE_AUTORELEASING = YES;
				CLANG_WARN_BOOL_CONVERSION = YES;
				CLANG_WARN_COMMA = YES;
				CLANG_WARN_CONSTANT_CONVERSION = YES;
				CLANG_WARN_DEPRECATED_OBJC_IMPLEMENTATIONS = YES;
				CLANG_WARN_DIRECT_OBJC_ISA_USAGE = YES_ERROR;
				CLANG_WARN_DOCUMENTATION_COMMENTS = YES;
				CLANG_WARN_EMPTY_BODY = YES;
				CLANG_WARN_ENUM_CONVERSION = YES;
				CLANG_WARN_INFINITE_RECURSION = YES;
				CLANG_WARN_INT_CONVERSION = YES;
				CLANG_WARN_NON_LITERAL_NULL_CONVERSION = YES;
				CLANG_WARN_OBJC_IMPLICIT_RETAIN_SELF = YES;
				CLANG_WARN_OBJC_LITERAL_CONVERSION = YES;
				CLANG_WARN_OBJC_ROOT_CLASS = YES_ERROR;
				CLANG_WARN_RANGE_LOOP_ANALYSIS = YES;
				CLANG_WARN_STRICT_PROTOTYPES = YES;
				CLANG_WARN_SUSPICIOUS_MOVE = YES;
				CLANG_WARN_UNGUARDED_AVAILABILITY = YES_AGGRESSIVE;
				CLANG_WARN_UNREACHABLE_CODE = YES;
				CLANG_WARN__DUPLICATE_METHOD_MATCH = YES;
				CODE_SIGN_IDENTITY = "iPhone Developer";
				COPY_PHASE_STRIP = NO;
				DEBUG_INFORMATION_FORMAT = dwarf;
				ENABLE_STRICT_OBJC_MSGSEND = YES;
				ENABLE_TESTABILITY = YES;
				GCC_C_LANGUAGE_STANDARD = gnu11;
				GCC_DYNAMIC_NO_PIC = NO;
				GCC_NO_COMMON_BLOCKS = YES;
				GCC_OPTIMIZATION_LEVEL = 0;
				GCC_PREPROCESSOR_DEFINITIONS = (
					"DEBUG=1",
					"$(inherited)",
				);
				GCC_WARN_64_TO_32_BIT_CONVERSION = YES;
				GCC_WARN_ABOUT_RETURN_TYPE = YES_ERROR;
				GCC_WARN_UNDECLARED_SELECTOR = YES;
				GCC_WARN_UNINITIALIZED_AUTOS = YES_AGGRESSIVE;
				GCC_WARN_UNUSED_FUNCTION = YES;
				GCC_WARN_UNUSED_VARIABLE = YES;
				IPHONEOS_DEPLOYMENT_TARGET = 12.0;
				MTL_ENABLE_DEBUG_INFO = INCLUDE_SOURCE;
				MTL_FAST_MATH = YES;
				ONLY_ACTIVE_ARCH = YES;
				SDKROOT = iphoneos;
			};
			name = Debug;
		};
		15D570C221FA242B002F8633 /* Release */ = {
			isa = XCBuildConfiguration;
			buildSettings = {
				ALWAYS_SEARCH_USER_PATHS = NO;
				CLANG_ANALYZER_NONNULL = YES;
				CLANG_ANALYZER_NUMBER_OBJECT_CONVERSION = YES_AGGRESSIVE;
				CLANG_CXX_LANGUAGE_STANDARD = "gnu++14";
				CLANG_CXX_LIBRARY = "libc++";
				CLANG_ENABLE_MODULES = YES;
				CLANG_ENABLE_OBJC_ARC = YES;
				CLANG_ENABLE_OBJC_WEAK = YES;
				CLANG_WARN_BLOCK_CAPTURE_AUTORELEASING = YES;
				CLANG_WARN_BOOL_CONVERSION = YES;
				CLANG_WARN_COMMA = YES;
				CLANG_WARN_CONSTANT_CONVERSION = YES;
				CLANG_WARN_DEPRECATED_OBJC_IMPLEMENTATIONS = YES;
				CLANG_WARN_DIRECT_OBJC_ISA_USAGE = YES_ERROR;
				CLANG_WARN_DOCUMENTATION_COMMENTS = YES;
				CLANG_WARN_EMPTY_BODY = YES;
				CLANG_WARN_ENUM_CONVERSION = YES;
				CLANG_WARN_INFINITE_RECURSION = YES;
				CLANG_WARN_INT_CONVERSION = YES;
				CLANG_WARN_NON_LITERAL_NULL_CONVERSION = YES;
				CLANG_WARN_OBJC_IMPLICIT_RETAIN_SELF = YES;
				CLANG_WARN_OBJC_LITERAL_CONVERSION = YES;
				CLANG_WARN_OBJC_ROOT_CLASS = YES_ERROR;
				CLANG_WARN_RANGE_LOOP_ANALYSIS = YES;
				CLANG_WARN_STRICT_PROTOTYPES = YES;
				CLANG_WARN_SUSPICIOUS_MOVE = YES;
				CLANG_WARN_UNGUARDED_AVAILABILITY = YES_AGGRESSIVE;
				CLANG_WARN_UNREACHABLE_CODE = YES;
				CLANG_WARN__DUPLICATE_METHOD_MATCH = YES;
				CODE_SIGN_IDENTITY = "iPhone Developer";
				COPY_PHASE_STRIP = NO;
				DEBUG_INFORMATION_FORMAT = "dwarf-with-dsym";
				ENABLE_NS_ASSERTIONS = NO;
				ENABLE_STRICT_OBJC_MSGSEND = YES;
				GCC_C_LANGUAGE_STANDARD = gnu11;
				GCC_NO_COMMON_BLOCKS = YES;
				GCC_WARN_64_TO_32_BIT_CONVERSION = YES;
				GCC_WARN_ABOUT_RETURN_TYPE = YES_ERROR;
				GCC_WARN_UNDECLARED_SELECTOR = YES;
				GCC_WARN_UNINITIALIZED_AUTOS = YES_AGGRESSIVE;
				GCC_WARN_UNUSED_FUNCTION = YES;
				GCC_WARN_UNUSED_VARIABLE = YES;
				IPHONEOS_DEPLOYMENT_TARGET = 12.0;
				MTL_ENABLE_DEBUG_INFO = NO;
				MTL_FAST_MATH = YES;
				SDKROOT = iphoneos;
				VALIDATE_PRODUCT = YES;
			};
			name = Release;
		};
		15D570C421FA242B002F8633 /* Debug */ = {
			isa = XCBuildConfiguration;
			buildSettings = {
				ASSETCATALOG_COMPILER_APPICON_NAME = AppIcon;
				CODE_SIGN_STYLE = Automatic;
				INFOPLIST_FILE = "iPhone Images W3D5/Info.plist";
				LD_RUNPATH_SEARCH_PATHS = (
					"$(inherited)",
					"@executable_path/Frameworks",
				);
				PRODUCT_BUNDLE_IDENTIFIER = "Prep-Course.iPhone-Images-W3D5";
				PRODUCT_NAME = "$(TARGET_NAME)";
				TARGETED_DEVICE_FAMILY = "1,2";
			};
			name = Debug;
		};
		15D570C521FA242B002F8633 /* Release */ = {
			isa = XCBuildConfiguration;
			buildSettings = {
				ASSETCATALOG_COMPILER_APPICON_NAME = AppIcon;
				CODE_SIGN_STYLE = Automatic;
				INFOPLIST_FILE = "iPhone Images W3D5/Info.plist";
				LD_RUNPATH_SEARCH_PATHS = (
					"$(inherited)",
					"@executable_path/Frameworks",
				);
				PRODUCT_BUNDLE_IDENTIFIER = "Prep-Course.iPhone-Images-W3D5";
				PRODUCT_NAME = "$(TARGET_NAME)";
				TARGETED_DEVICE_FAMILY = "1,2";
			};
			name = Release;
		};
/* End XCBuildConfiguration section */

/* Begin XCConfigurationList section */
		15D570A821FA2429002F8633 /* Build configuration list for PBXProject "iPhone Images W3D5" */ = {
			isa = XCConfigurationList;
			buildConfigurations = (
				15D570C121FA242B002F8633 /* Debug */,
				15D570C221FA242B002F8633 /* Release */,
			);
			defaultConfigurationIsVisible = 0;
			defaultConfigurationName = Release;
		};
		15D570C321FA242B002F8633 /* Build configuration list for PBXNativeTarget "iPhone Images W3D5" */ = {
			isa = XCConfigurationList;
			buildConfigurations = (
				15D570C421FA242B002F8633 /* Debug */,
				15D570C521FA242B002F8633 /* Release */,
			);
			defaultConfigurationIsVisible = 0;
			defaultConfigurationName = Release;
		};
/* End XCConfigurationList section */
	};
	rootObject = 15D570A521FA2429002F8633 /* Project object */;
}
